apiVersion: vendir.k14s.io/v1alpha1
directories:
- contents:
  - git:
      commitTitle: 'Merge pull request #237 from RedisLabs/6.2.10-45...'
      sha: ff6181d9d851619160393c0bde7f54e6113f42b5
      tags:
      - v6.2.10-45
    path: redis
  - git:
      commitTitle: Update marketplace.json
      sha: 3a6227397167d0359f7d113b575c30e64aa5f9af
      tags:
      - 1.0.0-38-g3a62273
    path: redisbank
  path: vendor
kind: LockConfig
